
Microsoft Visual Studio Solution File, Format Version 12.00
# Visual Studio 15
VisualStudioVersion = 15.0.27004.2002
MinimumVisualStudioVersion = 10.0.40219.1
Project("{FAE04EC0-301F-11D3-BF4B-00C04F79EFBC}") = "MVCEventCalendar", "MVCEventCalendar\MVCEventCalendar.csproj", "{8B910B78-19AC-4BEB-AC5B-1B7A7EB2BEE5}"
EndProject
Global
	GlobalSection(SolutionConfigurationPlatforms) = preSolution
		Debug|Any CPU = Debug|Any CPU
		Release|Any CPU = Release|Any CPU
	EndGlobalSection
	GlobalSection(ProjectConfigurationPlatforms) = postSolution
		{8B910B78-19AC-4BEB-AC5B-1B7A7EB2BEE5}.Debug|Any CPU.ActiveCfg = Debug|Any CPU
		{8B910B78-19AC-4BEB-AC5B-1B7A7EB2BEE5}.Debug|Any CPU.Build.0 = Debug|Any CPU
		{8B910B78-19AC-4BEB-AC5B-1B7A7EB2BEE5}.Release|Any CPU.ActiveCfg = Release|Any CPU
		{8B910B78-19AC-4BEB-AC5B-1B7A7EB2BEE5}.Release|Any CPU.Build.0 = Release|Any CPU
	EndGlobalSection
	GlobalSection(SolutionProperties) = preSolution
		HideSolutionNode = FALSE
	EndGlobalSection
	GlobalSection(ExtensibilityGlobals) = postSolution
		SolutionGuid = {060C0ACC-6A6A-424E-A3A4-1A89F0B3890F}
	EndGlobalSection
EndGlobal
